
Microsoft Visual Studio Solution File, Format Version 12.00
# Visual Studio 15
VisualStudioVersion = 15.0.27004.2010
MinimumVisualStudioVersion = 10.0.40219.1
Project("{FAE04EC0-301F-11D3-BF4B-00C04F79EFBC}") = "Client", "Client\Client.csproj", "{D8B6A042-9794-4FD7-BA39-CE2B01E59F3E}"
EndProject
Project("{FAE04EC0-301F-11D3-BF4B-00C04F79EFBC}") = "LibV1", "LibV1\LibV1.csproj", "{5239E725-768E-42EB-9ECB-4F2205B2408D}"
EndProject
Project("{FAE04EC0-301F-11D3-BF4B-00C04F79EFBC}") = "LibV2", "LibV2\LibV2.csproj", "{A805A86B-B337-42C7-A81E-6D6E878BB501}"
EndProject
Project("{FAE04EC0-301F-11D3-BF4B-00C04F79EFBC}") = "Server", "Server\Server.csproj", "{83BF5D31-0673-43C2-90A4-228615F46217}"
EndProject
Global
	GlobalSection(SolutionConfigurationPlatforms) = preSolution
		Debug|Any CPU = Debug|Any CPU
		Release|Any CPU = Release|Any CPU
	EndGlobalSection
	GlobalSection(ProjectConfigurationPlatforms) = postSolution
		{D8B6A042-9794-4FD7-BA39-CE2B01E59F3E}.Debug|Any CPU.ActiveCfg = Debug|Any CPU
		{D8B6A042-9794-4FD7-BA39-CE2B01E59F3E}.Debug|Any CPU.Build.0 = Debug|Any CPU
		{D8B6A042-9794-4FD7-BA39-CE2B01E59F3E}.Release|Any CPU.ActiveCfg = Release|Any CPU
		{D8B6A042-9794-4FD7-BA39-CE2B01E59F3E}.Release|Any CPU.Build.0 = Release|Any CPU
		{5239E725-768E-42EB-9ECB-4F2205B2408D}.Debug|Any CPU.ActiveCfg = Debug|Any CPU
		{5239E725-768E-42EB-9ECB-4F2205B2408D}.Debug|Any CPU.Build.0 = Debug|Any CPU
		{5239E725-768E-42EB-9ECB-4F2205B2408D}.Release|Any CPU.ActiveCfg = Release|Any CPU
		{5239E725-768E-42EB-9ECB-4F2205B2408D}.Release|Any CPU.Build.0 = Release|Any CPU
		{A805A86B-B337-42C7-A81E-6D6E878BB501}.Debug|Any CPU.ActiveCfg = Debug|Any CPU
		{A805A86B-B337-42C7-A81E-6D6E878BB501}.Debug|Any CPU.Build.0 = Debug|Any CPU
		{A805A86B-B337-42C7-A81E-6D6E878BB501}.Release|Any CPU.ActiveCfg = Release|Any CPU
		{A805A86B-B337-42C7-A81E-6D6E878BB501}.Release|Any CPU.Build.0 = Release|Any CPU
		{83BF5D31-0673-43C2-90A4-228615F46217}.Debug|Any CPU.ActiveCfg = Debug|Any CPU
		{83BF5D31-0673-43C2-90A4-228615F46217}.Debug|Any CPU.Build.0 = Debug|Any CPU
		{83BF5D31-0673-43C2-90A4-228615F46217}.Release|Any CPU.ActiveCfg = Release|Any CPU
		{83BF5D31-0673-43C2-90A4-228615F46217}.Release|Any CPU.Build.0 = Release|Any CPU
	EndGlobalSection
	GlobalSection(SolutionProperties) = preSolution
		HideSolutionNode = FALSE
	EndGlobalSection
	GlobalSection(ExtensibilityGlobals) = postSolution
		SolutionGuid = {9A2E382B-C346-4BEF-B69E-667338F3A3CD}
	EndGlobalSection
EndGlobal
