
Microsoft Visual Studio Solution File, Format Version 12.00
# Visual Studio 15
VisualStudioVersion = 15.0.26730.12
MinimumVisualStudioVersion = 10.0.40219.1
Project("{FAE04EC0-301F-11D3-BF4B-00C04F79EFBC}") = "ReferenceIntegrity", "ReferenceIntegrity\ReferenceIntegrity.csproj", "{D5FF9524-FB66-4011-BE99-D987797E30FB}"
EndProject
Global
	GlobalSection(SolutionConfigurationPlatforms) = preSolution
		Debug|Any CPU = Debug|Any CPU
		Release|Any CPU = Release|Any CPU
	EndGlobalSection
	GlobalSection(ProjectConfigurationPlatforms) = postSolution
		{D5FF9524-FB66-4011-BE99-D987797E30FB}.Debug|Any CPU.ActiveCfg = Debug|Any CPU
		{D5FF9524-FB66-4011-BE99-D987797E30FB}.Debug|Any CPU.Build.0 = Debug|Any CPU
		{D5FF9524-FB66-4011-BE99-D987797E30FB}.Release|Any CPU.ActiveCfg = Release|Any CPU
		{D5FF9524-FB66-4011-BE99-D987797E30FB}.Release|Any CPU.Build.0 = Release|Any CPU
	EndGlobalSection
	GlobalSection(SolutionProperties) = preSolution
		HideSolutionNode = FALSE
	EndGlobalSection
	GlobalSection(ExtensibilityGlobals) = postSolution
		SolutionGuid = {A11904CC-7829-40BA-8508-93E157ACDAA2}
	EndGlobalSection
EndGlobal
